
Microsoft Visual Studio Solution File, Format Version 12.00
# Visual Studio 15
VisualStudioVersion = 15.0.28307.271
MinimumVisualStudioVersion = 10.0.40219.1
Project("{9A19103F-16F7-4668-BE54-9A1E7A4F7556}") = "masstran", "masstran.csproj", "{1369C994-687E-4230-8481-2DA3DD57FADF}"
EndProject
Global
	GlobalSection(SolutionConfigurationPlatforms) = preSolution
		Debug|Any CPU = Debug|Any CPU
		Release|Any CPU = Release|Any CPU
	EndGlobalSection
	GlobalSection(ProjectConfigurationPlatforms) = postSolution
		{1369C994-687E-4230-8481-2DA3DD57FADF}.Debug|Any CPU.ActiveCfg = Debug|Any CPU
		{1369C994-687E-4230-8481-2DA3DD57FADF}.Debug|Any CPU.Build.0 = Debug|Any CPU
		{1369C994-687E-4230-8481-2DA3DD57FADF}.Release|Any CPU.ActiveCfg = Release|Any CPU
		{1369C994-687E-4230-8481-2DA3DD57FADF}.Release|Any CPU.Build.0 = Release|Any CPU
	EndGlobalSection
	GlobalSection(SolutionProperties) = preSolution
		HideSolutionNode = FALSE
	EndGlobalSection
	GlobalSection(ExtensibilityGlobals) = postSolution
		SolutionGuid = {6C9EAD35-3E2D-48B6-828C-0F8E706664E3}
	EndGlobalSection
EndGlobal
